
Microsoft Visual Studio Solution File, Format Version 12.00
# Visual Studio 15
VisualStudioVersion = 15.0.27703.2042
MinimumVisualStudioVersion = 10.0.40219.1
Project("{FAE04EC0-301F-11D3-BF4B-00C04F79EFBC}") = "CompleetKassa", "CompleetKassa\CompleetKassa.csproj", "{129D980E-DBE4-4841-8CE2-29D26F185628}"
EndProject
Project("{FAE04EC0-301F-11D3-BF4B-00C04F79EFBC}") = "CompleetKassa.Core", "CompleetKassa.Core\CompleetKassa.Core.csproj", "{0D8AB5C9-BC95-42CF-92A2-56187DC3F798}"
EndProject
Global
	GlobalSection(SolutionConfigurationPlatforms) = preSolution
		Debug|Any CPU = Debug|Any CPU
		Release|Any CPU = Release|Any CPU
	EndGlobalSection
	GlobalSection(ProjectConfigurationPlatforms) = postSolution
		{129D980E-DBE4-4841-8CE2-29D26F185628}.Debug|Any CPU.ActiveCfg = Debug|Any CPU
		{129D980E-DBE4-4841-8CE2-29D26F185628}.Debug|Any CPU.Build.0 = Debug|Any CPU
		{129D980E-DBE4-4841-8CE2-29D26F185628}.Release|Any CPU.ActiveCfg = Release|Any CPU
		{129D980E-DBE4-4841-8CE2-29D26F185628}.Release|Any CPU.Build.0 = Release|Any CPU
		{0D8AB5C9-BC95-42CF-92A2-56187DC3F798}.Debug|Any CPU.ActiveCfg = Debug|Any CPU
		{0D8AB5C9-BC95-42CF-92A2-56187DC3F798}.Debug|Any CPU.Build.0 = Debug|Any CPU
		{0D8AB5C9-BC95-42CF-92A2-56187DC3F798}.Release|Any CPU.ActiveCfg = Release|Any CPU
		{0D8AB5C9-BC95-42CF-92A2-56187DC3F798}.Release|Any CPU.Build.0 = Release|Any CPU
	EndGlobalSection
	GlobalSection(SolutionProperties) = preSolution
		HideSolutionNode = FALSE
	EndGlobalSection
	GlobalSection(ExtensibilityGlobals) = postSolution
		SolutionGuid = {3F1DB79F-86F8-4D78-9D24-F64F61F0FB8E}
	EndGlobalSection
EndGlobal
