
Microsoft Visual Studio Solution File, Format Version 12.00
# Visual Studio 15
VisualStudioVersion = 15.0.28010.2003
MinimumVisualStudioVersion = 10.0.40219.1
Project("{FAE04EC0-301F-11D3-BF4B-00C04F79EFBC}") = "CompleetKassa", "CompleetKassa\CompleetKassa.csproj", "{129D980E-DBE4-4841-8CE2-29D26F185628}"
EndProject
Project("{FAE04EC0-301F-11D3-BF4B-00C04F79EFBC}") = "CompleetKassa.Models", "CompleetKassa.Models\CompleetKassa.Models.csproj", "{C4466761-0B4D-4BBC-A70E-CBCC77C98C18}"
EndProject
Project("{FAE04EC0-301F-11D3-BF4B-00C04F79EFBC}") = "CompleetKassa.Converters", "CompleetKassa.Converters\CompleetKassa.Converters.csproj", "{DFD048D3-B371-4D38-BF6F-ECE305FB7D73}"
EndProject
Project("{FAE04EC0-301F-11D3-BF4B-00C04F79EFBC}") = "CompleetKassa.DataTypes", "CompleetKassa.DataTypes\CompleetKassa.DataTypes.csproj", "{4A30F1E9-0A08-4347-9324-CDCF24F79ABA}"
EndProject
Project("{2150E333-8FDC-42A3-9474-1A3956D46DE8}") = "DataLayer", "DataLayer", "{227CAC42-D39B-453D-9473-474059436F06}"
EndProject
Project("{2150E333-8FDC-42A3-9474-1A3956D46DE8}") = "EntityLayer", "EntityLayer", "{B5BA070F-C173-4162-AB5A-AFCD543E387D}"
EndProject
Project("{2150E333-8FDC-42A3-9474-1A3956D46DE8}") = "DataLayer", "DataLayer", "{4DE83C66-6C6A-47E1-BCD3-A684ACC363C9}"
EndProject
Project("{FAE04EC0-301F-11D3-BF4B-00C04F79EFBC}") = "CompleetKassa.Database.Entities", "CompleetKassa.Database.Entities\CompleetKassa.Database.Entities.csproj", "{B489914F-1D65-44DF-BFA6-6DEDD7FB1631}"
EndProject
Project("{FAE04EC0-301F-11D3-BF4B-00C04F79EFBC}") = "CompleetKassa.Database.Context", "CompleetKassa.Database.Context\CompleetKassa.Database.Context.csproj", "{E68552BD-111F-4BE6-9652-4C3959DDD104}"
EndProject
Project("{FAE04EC0-301F-11D3-BF4B-00C04F79EFBC}") = "CompleetKassa.Database.Repositories", "CompleetKassa.Database.Repositories\CompleetKassa.Database.Repositories.csproj", "{0D3DCE70-3D61-4ED1-829D-C4405081822C}"
EndProject
Project("{FAE04EC0-301F-11D3-BF4B-00C04F79EFBC}") = "CompleetKassa.Database.Services", "CompleetKassa.Database.Services\CompleetKassa.Database.Services.csproj", "{EED453AD-9272-48F2-8616-EA2545792D9F}"
EndProject
Project("{FAE04EC0-301F-11D3-BF4B-00C04F79EFBC}") = "CompleetKassa.Database.Console", "CompleetKassa.Database.Console\CompleetKassa.Database.Console.csproj", "{F8D585BE-AEDC-42AE-BBFA-292FD30805AB}"
EndProject
Project("{2150E333-8FDC-42A3-9474-1A3956D46DE8}") = "Notes", "Notes", "{C92FF00F-FC65-4ACF-9131-9CBB20C93163}"
	ProjectSection(SolutionItems) = preProject
		Notes\design-patterns.png = Notes\design-patterns.png
		Notes\n-tier-mvvm.png = Notes\n-tier-mvvm.png
	EndProjectSection
EndProject
Project("{2150E333-8FDC-42A3-9474-1A3956D46DE8}") = "PresentationLayer", "PresentationLayer", "{B8F95C8B-D5CE-40A7-B198-A329C6F42535}"
EndProject
Project("{2150E333-8FDC-42A3-9474-1A3956D46DE8}") = "Core", "Core", "{9255113E-4F0F-4BDD-8385-128DC2FFAB50}"
EndProject
Project("{FAE04EC0-301F-11D3-BF4B-00C04F79EFBC}") = "CompleetKassa.Database.Core", "CompleetKassa.Database.Core\CompleetKassa.Database.Core.csproj", "{B81ADCEF-3844-4AB1-BDA2-DDE4E01E3C01}"
EndProject
Project("{2150E333-8FDC-42A3-9474-1A3956D46DE8}") = "Modules", "Modules", "{458E2EB7-631D-43DE-8221-E552CB15B329}"
EndProject
Project("{FAE04EC0-301F-11D3-BF4B-00C04F79EFBC}") = "CompleetKassa.Module.Sales", "CompleetKassa.Module.Sales\CompleetKassa.Module.Sales.csproj", "{506688B0-3095-4C3F-8C24-F85126B7B66C}"
EndProject
Project("{2150E333-8FDC-42A3-9474-1A3956D46DE8}") = "CustomControls", "CustomControls", "{169A0CC1-3284-4F65-A707-AC8AAD684129}"
EndProject
Project("{FAE04EC0-301F-11D3-BF4B-00C04F79EFBC}") = "CompleetKassa.CustomControls", "CompleetKassa.CustomControls\CompleetKassa.CustomControls.csproj", "{BBC206A4-5454-4B02-ABAD-D050F5D39310}"
EndProject
Project("{FAE04EC0-301F-11D3-BF4B-00C04F79EFBC}") = "CompleetKassa.Module.Product", "CompleetKassa.Module.Product\CompleetKassa.Module.Product.csproj", "{25863B10-8A95-4370-8CA2-2697B3ED7A5D}"
EndProject
Project("{2150E333-8FDC-42A3-9474-1A3956D46DE8}") = "Resources", "Resources", "{8141FF39-3382-408C-B39F-F0EB977FB052}"
EndProject
Project("{FAE04EC0-301F-11D3-BF4B-00C04F79EFBC}") = "CompleetKassa.SharedResourceDictionary", "CompleetKassa.SharedResourceDictionary\CompleetKassa.SharedResourceDictionary.csproj", "{66D3D53F-1C33-42FE-9338-7073B0DA4B30}"
EndProject
Project("{FAE04EC0-301F-11D3-BF4B-00C04F79EFBC}") = "CompleetKassa.UI.Styles", "CompleetKassa.UI.Styles\CompleetKassa.UI.Styles.csproj", "{ECFA45FD-37AD-4AEF-A2A8-4D1DEF52F5B5}"
EndProject
Project("{FAE04EC0-301F-11D3-BF4B-00C04F79EFBC}") = "CompleetKassa.Events", "CompleetKassa.Events\CompleetKassa.Events.csproj", "{1FDC623C-C6B3-4AE4-B484-0AE8DACEDC6A}"
EndProject
Project("{FAE04EC0-301F-11D3-BF4B-00C04F79EFBC}") = "CompleetKassa.Module.Customer", "CompleetKassa.Module.Customer\CompleetKassa.Module.Customer.csproj", "{ADC0DDB7-E795-49F9-96C3-F4FC323DC4EA}"
EndProject
Project("{2150E333-8FDC-42A3-9474-1A3956D46DE8}") = "Events", "Events", "{58FD96CA-A00A-48C9-BB43-C118E5C595F6}"
EndProject
Project("{2150E333-8FDC-42A3-9474-1A3956D46DE8}") = "Data", "Data", "{567A4B1E-0AA0-4E04-B857-A537B06CE6AC}"
EndProject
Project("{2150E333-8FDC-42A3-9474-1A3956D46DE8}") = "Utilities", "Utilities", "{21DD1F0B-E222-4C2C-A349-729147C21034}"
EndProject
Project("{2150E333-8FDC-42A3-9474-1A3956D46DE8}") = "WebServices", "WebServices", "{1F10367A-1236-49CB-96DB-2A61161333E6}"
EndProject
Project("{FAE04EC0-301F-11D3-BF4B-00C04F79EFBC}") = "CompleetKassa.Web.Services", "CompleetKassa.Web.Services\CompleetKassa.Web.Services.csproj", "{D7B003F8-20D7-433E-8ACE-E077D8B53EF6}"
EndProject
Project("{FAE04EC0-301F-11D3-BF4B-00C04F79EFBC}") = "CompleetKassa.Web.Console", "CompleetKassa.Web.Console\CompleetKassa.Web.Console.csproj", "{325BD99A-77AF-493C-B341-DD4E98AF41F0}"
EndProject
Project("{FAE04EC0-301F-11D3-BF4B-00C04F79EFBC}") = "CompleetKassa.Database.ObjectMapper", "CompleetKassa.Database.ObjectMapper\CompleetKassa.Database.ObjectMapper.csproj", "{048FB41D-0043-4EA3-814B-682951586D2A}"
EndProject
Project("{FAE04EC0-301F-11D3-BF4B-00C04F79EFBC}") = "CompleetKassa.Definitions", "CompleetKassa.Definitions\CompleetKassa.Definitions.csproj", "{91A059A3-A461-48F2-95DD-79FF50FEDB42}"
EndProject
Project("{2150E333-8FDC-42A3-9474-1A3956D46DE8}") = "DataValidation", "DataValidation", "{58EB0793-21AC-45E6-BCB0-5237349ED671}"
EndProject
Project("{FAE04EC0-301F-11D3-BF4B-00C04F79EFBC}") = "CompleetKassa.DataValidation", "CompleetKassa.DataValidation\CompleetKassa.DataValidation.csproj", "{4D5635AE-D979-4085-B910-DD8FD46FA850}"
EndProject
Project("{2150E333-8FDC-42A3-9474-1A3956D46DE8}") = "BusinessLogicLayer", "BusinessLogicLayer", "{536451B4-4B3A-4B94-8EC8-6909A42633CD}"
EndProject
Global
	GlobalSection(SolutionConfigurationPlatforms) = preSolution
		Debug|Any CPU = Debug|Any CPU
		Release|Any CPU = Release|Any CPU
	EndGlobalSection
	GlobalSection(ProjectConfigurationPlatforms) = postSolution
		{129D980E-DBE4-4841-8CE2-29D26F185628}.Debug|Any CPU.ActiveCfg = Debug|Any CPU
		{129D980E-DBE4-4841-8CE2-29D26F185628}.Debug|Any CPU.Build.0 = Debug|Any CPU
		{129D980E-DBE4-4841-8CE2-29D26F185628}.Release|Any CPU.ActiveCfg = Release|Any CPU
		{129D980E-DBE4-4841-8CE2-29D26F185628}.Release|Any CPU.Build.0 = Release|Any CPU
		{C4466761-0B4D-4BBC-A70E-CBCC77C98C18}.Debug|Any CPU.ActiveCfg = Debug|Any CPU
		{C4466761-0B4D-4BBC-A70E-CBCC77C98C18}.Debug|Any CPU.Build.0 = Debug|Any CPU
		{C4466761-0B4D-4BBC-A70E-CBCC77C98C18}.Release|Any CPU.ActiveCfg = Release|Any CPU
		{C4466761-0B4D-4BBC-A70E-CBCC77C98C18}.Release|Any CPU.Build.0 = Release|Any CPU
		{DFD048D3-B371-4D38-BF6F-ECE305FB7D73}.Debug|Any CPU.ActiveCfg = Debug|Any CPU
		{DFD048D3-B371-4D38-BF6F-ECE305FB7D73}.Debug|Any CPU.Build.0 = Debug|Any CPU
		{DFD048D3-B371-4D38-BF6F-ECE305FB7D73}.Release|Any CPU.ActiveCfg = Release|Any CPU
		{DFD048D3-B371-4D38-BF6F-ECE305FB7D73}.Release|Any CPU.Build.0 = Release|Any CPU
		{4A30F1E9-0A08-4347-9324-CDCF24F79ABA}.Debug|Any CPU.ActiveCfg = Debug|Any CPU
		{4A30F1E9-0A08-4347-9324-CDCF24F79ABA}.Debug|Any CPU.Build.0 = Debug|Any CPU
		{4A30F1E9-0A08-4347-9324-CDCF24F79ABA}.Release|Any CPU.ActiveCfg = Release|Any CPU
		{4A30F1E9-0A08-4347-9324-CDCF24F79ABA}.Release|Any CPU.Build.0 = Release|Any CPU
		{B489914F-1D65-44DF-BFA6-6DEDD7FB1631}.Debug|Any CPU.ActiveCfg = Debug|Any CPU
		{B489914F-1D65-44DF-BFA6-6DEDD7FB1631}.Debug|Any CPU.Build.0 = Debug|Any CPU
		{B489914F-1D65-44DF-BFA6-6DEDD7FB1631}.Release|Any CPU.ActiveCfg = Release|Any CPU
		{B489914F-1D65-44DF-BFA6-6DEDD7FB1631}.Release|Any CPU.Build.0 = Release|Any CPU
		{E68552BD-111F-4BE6-9652-4C3959DDD104}.Debug|Any CPU.ActiveCfg = Debug|Any CPU
		{E68552BD-111F-4BE6-9652-4C3959DDD104}.Debug|Any CPU.Build.0 = Debug|Any CPU
		{E68552BD-111F-4BE6-9652-4C3959DDD104}.Release|Any CPU.ActiveCfg = Release|Any CPU
		{E68552BD-111F-4BE6-9652-4C3959DDD104}.Release|Any CPU.Build.0 = Release|Any CPU
		{0D3DCE70-3D61-4ED1-829D-C4405081822C}.Debug|Any CPU.ActiveCfg = Debug|Any CPU
		{0D3DCE70-3D61-4ED1-829D-C4405081822C}.Debug|Any CPU.Build.0 = Debug|Any CPU
		{0D3DCE70-3D61-4ED1-829D-C4405081822C}.Release|Any CPU.ActiveCfg = Release|Any CPU
		{0D3DCE70-3D61-4ED1-829D-C4405081822C}.Release|Any CPU.Build.0 = Release|Any CPU
		{EED453AD-9272-48F2-8616-EA2545792D9F}.Debug|Any CPU.ActiveCfg = Debug|Any CPU
		{EED453AD-9272-48F2-8616-EA2545792D9F}.Debug|Any CPU.Build.0 = Debug|Any CPU
		{EED453AD-9272-48F2-8616-EA2545792D9F}.Release|Any CPU.ActiveCfg = Release|Any CPU
		{EED453AD-9272-48F2-8616-EA2545792D9F}.Release|Any CPU.Build.0 = Release|Any CPU
		{F8D585BE-AEDC-42AE-BBFA-292FD30805AB}.Debug|Any CPU.ActiveCfg = Debug|Any CPU
		{F8D585BE-AEDC-42AE-BBFA-292FD30805AB}.Debug|Any CPU.Build.0 = Debug|Any CPU
		{F8D585BE-AEDC-42AE-BBFA-292FD30805AB}.Release|Any CPU.ActiveCfg = Release|Any CPU
		{F8D585BE-AEDC-42AE-BBFA-292FD30805AB}.Release|Any CPU.Build.0 = Release|Any CPU
		{B81ADCEF-3844-4AB1-BDA2-DDE4E01E3C01}.Debug|Any CPU.ActiveCfg = Debug|Any CPU
		{B81ADCEF-3844-4AB1-BDA2-DDE4E01E3C01}.Debug|Any CPU.Build.0 = Debug|Any CPU
		{B81ADCEF-3844-4AB1-BDA2-DDE4E01E3C01}.Release|Any CPU.ActiveCfg = Release|Any CPU
		{B81ADCEF-3844-4AB1-BDA2-DDE4E01E3C01}.Release|Any CPU.Build.0 = Release|Any CPU
		{506688B0-3095-4C3F-8C24-F85126B7B66C}.Debug|Any CPU.ActiveCfg = Debug|Any CPU
		{506688B0-3095-4C3F-8C24-F85126B7B66C}.Debug|Any CPU.Build.0 = Debug|Any CPU
		{506688B0-3095-4C3F-8C24-F85126B7B66C}.Release|Any CPU.ActiveCfg = Release|Any CPU
		{506688B0-3095-4C3F-8C24-F85126B7B66C}.Release|Any CPU.Build.0 = Release|Any CPU
		{BBC206A4-5454-4B02-ABAD-D050F5D39310}.Debug|Any CPU.ActiveCfg = Debug|Any CPU
		{BBC206A4-5454-4B02-ABAD-D050F5D39310}.Debug|Any CPU.Build.0 = Debug|Any CPU
		{BBC206A4-5454-4B02-ABAD-D050F5D39310}.Release|Any CPU.ActiveCfg = Release|Any CPU
		{BBC206A4-5454-4B02-ABAD-D050F5D39310}.Release|Any CPU.Build.0 = Release|Any CPU
		{25863B10-8A95-4370-8CA2-2697B3ED7A5D}.Debug|Any CPU.ActiveCfg = Debug|Any CPU
		{25863B10-8A95-4370-8CA2-2697B3ED7A5D}.Debug|Any CPU.Build.0 = Debug|Any CPU
		{25863B10-8A95-4370-8CA2-2697B3ED7A5D}.Release|Any CPU.ActiveCfg = Release|Any CPU
		{25863B10-8A95-4370-8CA2-2697B3ED7A5D}.Release|Any CPU.Build.0 = Release|Any CPU
		{66D3D53F-1C33-42FE-9338-7073B0DA4B30}.Debug|Any CPU.ActiveCfg = Debug|Any CPU
		{66D3D53F-1C33-42FE-9338-7073B0DA4B30}.Debug|Any CPU.Build.0 = Debug|Any CPU
		{66D3D53F-1C33-42FE-9338-7073B0DA4B30}.Release|Any CPU.ActiveCfg = Release|Any CPU
		{66D3D53F-1C33-42FE-9338-7073B0DA4B30}.Release|Any CPU.Build.0 = Release|Any CPU
		{ECFA45FD-37AD-4AEF-A2A8-4D1DEF52F5B5}.Debug|Any CPU.ActiveCfg = Debug|Any CPU
		{ECFA45FD-37AD-4AEF-A2A8-4D1DEF52F5B5}.Debug|Any CPU.Build.0 = Debug|Any CPU
		{ECFA45FD-37AD-4AEF-A2A8-4D1DEF52F5B5}.Release|Any CPU.ActiveCfg = Release|Any CPU
		{ECFA45FD-37AD-4AEF-A2A8-4D1DEF52F5B5}.Release|Any CPU.Build.0 = Release|Any CPU
		{1FDC623C-C6B3-4AE4-B484-0AE8DACEDC6A}.Debug|Any CPU.ActiveCfg = Debug|Any CPU
		{1FDC623C-C6B3-4AE4-B484-0AE8DACEDC6A}.Debug|Any CPU.Build.0 = Debug|Any CPU
		{1FDC623C-C6B3-4AE4-B484-0AE8DACEDC6A}.Release|Any CPU.ActiveCfg = Release|Any CPU
		{1FDC623C-C6B3-4AE4-B484-0AE8DACEDC6A}.Release|Any CPU.Build.0 = Release|Any CPU
		{ADC0DDB7-E795-49F9-96C3-F4FC323DC4EA}.Debug|Any CPU.ActiveCfg = Debug|Any CPU
		{ADC0DDB7-E795-49F9-96C3-F4FC323DC4EA}.Debug|Any CPU.Build.0 = Debug|Any CPU
		{ADC0DDB7-E795-49F9-96C3-F4FC323DC4EA}.Release|Any CPU.ActiveCfg = Release|Any CPU
		{ADC0DDB7-E795-49F9-96C3-F4FC323DC4EA}.Release|Any CPU.Build.0 = Release|Any CPU
		{D7B003F8-20D7-433E-8ACE-E077D8B53EF6}.Debug|Any CPU.ActiveCfg = Debug|Any CPU
		{D7B003F8-20D7-433E-8ACE-E077D8B53EF6}.Debug|Any CPU.Build.0 = Debug|Any CPU
		{D7B003F8-20D7-433E-8ACE-E077D8B53EF6}.Release|Any CPU.ActiveCfg = Release|Any CPU
		{D7B003F8-20D7-433E-8ACE-E077D8B53EF6}.Release|Any CPU.Build.0 = Release|Any CPU
		{325BD99A-77AF-493C-B341-DD4E98AF41F0}.Debug|Any CPU.ActiveCfg = Debug|Any CPU
		{325BD99A-77AF-493C-B341-DD4E98AF41F0}.Debug|Any CPU.Build.0 = Debug|Any CPU
		{325BD99A-77AF-493C-B341-DD4E98AF41F0}.Release|Any CPU.ActiveCfg = Release|Any CPU
		{325BD99A-77AF-493C-B341-DD4E98AF41F0}.Release|Any CPU.Build.0 = Release|Any CPU
		{048FB41D-0043-4EA3-814B-682951586D2A}.Debug|Any CPU.ActiveCfg = Debug|Any CPU
		{048FB41D-0043-4EA3-814B-682951586D2A}.Debug|Any CPU.Build.0 = Debug|Any CPU
		{048FB41D-0043-4EA3-814B-682951586D2A}.Release|Any CPU.ActiveCfg = Release|Any CPU
		{048FB41D-0043-4EA3-814B-682951586D2A}.Release|Any CPU.Build.0 = Release|Any CPU
		{91A059A3-A461-48F2-95DD-79FF50FEDB42}.Debug|Any CPU.ActiveCfg = Debug|Any CPU
		{91A059A3-A461-48F2-95DD-79FF50FEDB42}.Debug|Any CPU.Build.0 = Debug|Any CPU
		{91A059A3-A461-48F2-95DD-79FF50FEDB42}.Release|Any CPU.ActiveCfg = Release|Any CPU
		{91A059A3-A461-48F2-95DD-79FF50FEDB42}.Release|Any CPU.Build.0 = Release|Any CPU
		{4D5635AE-D979-4085-B910-DD8FD46FA850}.Debug|Any CPU.ActiveCfg = Debug|Any CPU
		{4D5635AE-D979-4085-B910-DD8FD46FA850}.Debug|Any CPU.Build.0 = Debug|Any CPU
		{4D5635AE-D979-4085-B910-DD8FD46FA850}.Release|Any CPU.ActiveCfg = Release|Any CPU
		{4D5635AE-D979-4085-B910-DD8FD46FA850}.Release|Any CPU.Build.0 = Release|Any CPU
	EndGlobalSection
	GlobalSection(SolutionProperties) = preSolution
		HideSolutionNode = FALSE
	EndGlobalSection
	GlobalSection(NestedProjects) = preSolution
		{129D980E-DBE4-4841-8CE2-29D26F185628} = {B8F95C8B-D5CE-40A7-B198-A329C6F42535}
		{C4466761-0B4D-4BBC-A70E-CBCC77C98C18} = {567A4B1E-0AA0-4E04-B857-A537B06CE6AC}
		{DFD048D3-B371-4D38-BF6F-ECE305FB7D73} = {21DD1F0B-E222-4C2C-A349-729147C21034}
		{4A30F1E9-0A08-4347-9324-CDCF24F79ABA} = {567A4B1E-0AA0-4E04-B857-A537B06CE6AC}
		{B5BA070F-C173-4162-AB5A-AFCD543E387D} = {227CAC42-D39B-453D-9473-474059436F06}
		{4DE83C66-6C6A-47E1-BCD3-A684ACC363C9} = {227CAC42-D39B-453D-9473-474059436F06}
		{B489914F-1D65-44DF-BFA6-6DEDD7FB1631} = {B5BA070F-C173-4162-AB5A-AFCD543E387D}
		{E68552BD-111F-4BE6-9652-4C3959DDD104} = {4DE83C66-6C6A-47E1-BCD3-A684ACC363C9}
		{0D3DCE70-3D61-4ED1-829D-C4405081822C} = {4DE83C66-6C6A-47E1-BCD3-A684ACC363C9}
		{EED453AD-9272-48F2-8616-EA2545792D9F} = {536451B4-4B3A-4B94-8EC8-6909A42633CD}
		{F8D585BE-AEDC-42AE-BBFA-292FD30805AB} = {227CAC42-D39B-453D-9473-474059436F06}
		{9255113E-4F0F-4BDD-8385-128DC2FFAB50} = {227CAC42-D39B-453D-9473-474059436F06}
		{B81ADCEF-3844-4AB1-BDA2-DDE4E01E3C01} = {9255113E-4F0F-4BDD-8385-128DC2FFAB50}
		{458E2EB7-631D-43DE-8221-E552CB15B329} = {B8F95C8B-D5CE-40A7-B198-A329C6F42535}
		{506688B0-3095-4C3F-8C24-F85126B7B66C} = {458E2EB7-631D-43DE-8221-E552CB15B329}
		{169A0CC1-3284-4F65-A707-AC8AAD684129} = {B8F95C8B-D5CE-40A7-B198-A329C6F42535}
		{BBC206A4-5454-4B02-ABAD-D050F5D39310} = {169A0CC1-3284-4F65-A707-AC8AAD684129}
		{25863B10-8A95-4370-8CA2-2697B3ED7A5D} = {458E2EB7-631D-43DE-8221-E552CB15B329}
		{8141FF39-3382-408C-B39F-F0EB977FB052} = {B8F95C8B-D5CE-40A7-B198-A329C6F42535}
		{66D3D53F-1C33-42FE-9338-7073B0DA4B30} = {8141FF39-3382-408C-B39F-F0EB977FB052}
		{ECFA45FD-37AD-4AEF-A2A8-4D1DEF52F5B5} = {8141FF39-3382-408C-B39F-F0EB977FB052}
		{1FDC623C-C6B3-4AE4-B484-0AE8DACEDC6A} = {58FD96CA-A00A-48C9-BB43-C118E5C595F6}
		{ADC0DDB7-E795-49F9-96C3-F4FC323DC4EA} = {458E2EB7-631D-43DE-8221-E552CB15B329}
		{58FD96CA-A00A-48C9-BB43-C118E5C595F6} = {B8F95C8B-D5CE-40A7-B198-A329C6F42535}
		{567A4B1E-0AA0-4E04-B857-A537B06CE6AC} = {B8F95C8B-D5CE-40A7-B198-A329C6F42535}
		{21DD1F0B-E222-4C2C-A349-729147C21034} = {B8F95C8B-D5CE-40A7-B198-A329C6F42535}
		{D7B003F8-20D7-433E-8ACE-E077D8B53EF6} = {1F10367A-1236-49CB-96DB-2A61161333E6}
		{325BD99A-77AF-493C-B341-DD4E98AF41F0} = {1F10367A-1236-49CB-96DB-2A61161333E6}
		{048FB41D-0043-4EA3-814B-682951586D2A} = {536451B4-4B3A-4B94-8EC8-6909A42633CD}
		{91A059A3-A461-48F2-95DD-79FF50FEDB42} = {536451B4-4B3A-4B94-8EC8-6909A42633CD}
		{58EB0793-21AC-45E6-BCB0-5237349ED671} = {B8F95C8B-D5CE-40A7-B198-A329C6F42535}
		{4D5635AE-D979-4085-B910-DD8FD46FA850} = {58EB0793-21AC-45E6-BCB0-5237349ED671}
	EndGlobalSection
	GlobalSection(ExtensibilityGlobals) = postSolution
		SolutionGuid = {3F1DB79F-86F8-4D78-9D24-F64F61F0FB8E}
	EndGlobalSection
EndGlobal
